
Microsoft Visual Studio Solution File, Format Version 12.00
# Visual Studio 15
VisualStudioVersion = 15.0.27703.2035
MinimumVisualStudioVersion = 10.0.40219.1
Project("{8BC9CEB8-8B4A-11D0-8D11-00A0C91BC942}") = "Handle_Class", "Handle_Class\Handle_Class.vcxproj", "{31384EB9-0F7B-40D0-88C4-AC69A40A8843}"
EndProject
Global
	GlobalSection(SolutionConfigurationPlatforms) = preSolution
		Debug|x64 = Debug|x64
		Debug|x86 = Debug|x86
		Release|x64 = Release|x64
		Release|x86 = Release|x86
	EndGlobalSection
	GlobalSection(ProjectConfigurationPlatforms) = postSolution
		{31384EB9-0F7B-40D0-88C4-AC69A40A8843}.Debug|x64.ActiveCfg = Debug|x64
		{31384EB9-0F7B-40D0-88C4-AC69A40A8843}.Debug|x64.Build.0 = Debug|x64
		{31384EB9-0F7B-40D0-88C4-AC69A40A8843}.Debug|x86.ActiveCfg = Debug|Win32
		{31384EB9-0F7B-40D0-88C4-AC69A40A8843}.Debug|x86.Build.0 = Debug|Win32
		{31384EB9-0F7B-40D0-88C4-AC69A40A8843}.Release|x64.ActiveCfg = Release|x64
		{31384EB9-0F7B-40D0-88C4-AC69A40A8843}.Release|x64.Build.0 = Release|x64
		{31384EB9-0F7B-40D0-88C4-AC69A40A8843}.Release|x86.ActiveCfg = Release|Win32
		{31384EB9-0F7B-40D0-88C4-AC69A40A8843}.Release|x86.Build.0 = Release|Win32
	EndGlobalSection
	GlobalSection(SolutionProperties) = preSolution
		HideSolutionNode = FALSE
	EndGlobalSection
	GlobalSection(ExtensibilityGlobals) = postSolution
		SolutionGuid = {E2053EC1-1800-49E4-88AB-D16DA2C08AED}
	EndGlobalSection
EndGlobal
